{
  "name": "varie-bundler",
  "requires": true,
  "lockfileVersion": 1,
  "dependencies": {
    "nprogress": {
      "version": "0.2.0",
      "resolved": "https://registry.npmjs.org/nprogress/-/nprogress-0.2.0.tgz",
      "integrity": "sha1-y480xTIT2JVyP8urkH6UIq28r7E="
    },
    "varie": {
      "version": "0.0.55",
      "requires": {
        "axios": "^0.18.0",
        "camelcase": "^5.0.0",
        "dashify": "^1.0.0",
        "inversify": "^4.13.0",
        "inversify-inject-decorators": "^3.1.0",
        "reflect-metadata": "^0.1.12",
        "validator": "^10.4.0"
      },
      "dependencies": {
        "@samverschueren/stream-to-observable": {
          "version": "0.3.0",
          "bundled": true,
          "requires": {
            "any-observable": "^0.3.0"
          }
        },
        "@types/node": {
          "version": "10.5.3",
          "bundled": true
        },
        "@types/validator": {
          "version": "9.4.1",
          "bundled": true
        },
        "@types/webpack-env": {
          "version": "1.13.6",
          "bundled": true
        },
        "ansi-escapes": {
          "version": "1.4.0",
          "bundled": true
        },
        "ansi-regex": {
          "version": "3.0.0",
          "bundled": true
        },
        "ansi-styles": {
          "version": "3.2.1",
          "bundled": true,
          "requires": {
            "color-convert": "^1.9.0"
          }
        },
        "any-observable": {
          "version": "0.3.0",
          "bundled": true
        },
        "app-root-path": {
          "version": "2.1.0",
          "bundled": true
        },
        "argparse": {
          "version": "1.0.10",
          "bundled": true,
          "requires": {
            "sprintf-js": "~1.0.2"
          }
        },
        "arr-diff": {
          "version": "4.0.0",
          "bundled": true
        },
        "arr-flatten": {
          "version": "1.1.0",
          "bundled": true
        },
        "arr-union": {
          "version": "3.1.0",
          "bundled": true
        },
        "array-unique": {
          "version": "0.3.2",
          "bundled": true
        },
        "assign-symbols": {
          "version": "1.0.0",
          "bundled": true
        },
        "atob": {
          "version": "2.1.1",
          "bundled": true
        },
        "axios": {
          "version": "0.18.0",
          "bundled": true,
          "requires": {
            "follow-redirects": "^1.3.0",
            "is-buffer": "^1.1.5"
          }
        },
        "base": {
          "version": "0.11.2",
          "bundled": true,
          "requires": {
            "cache-base": "^1.0.1",
            "class-utils": "^0.3.5",
            "component-emitter": "^1.2.1",
            "define-property": "^1.0.0",
            "isobject": "^3.0.1",
            "mixin-deep": "^1.2.0",
            "pascalcase": "^0.1.1"
          },
          "dependencies": {
            "define-property": {
              "version": "1.0.0",
              "bundled": true,
              "requires": {
                "is-descriptor": "^1.0.0"
              }
            },
            "is-accessor-descriptor": {
              "version": "1.0.0",
              "bundled": true,
              "requires": {
                "kind-of": "^6.0.0"
              }
            },
            "is-data-descriptor": {
              "version": "1.0.0",
              "bundled": true,
              "requires": {
                "kind-of": "^6.0.0"
              }
            },
            "is-descriptor": {
              "version": "1.0.2",
              "bundled": true,
              "requires": {
                "is-accessor-descriptor": "^1.0.0",
                "is-data-descriptor": "^1.0.0",
                "kind-of": "^6.0.2"
              }
            }
          }
        },
        "braces": {
          "version": "2.3.2",
          "bundled": true,
          "requires": {
            "arr-flatten": "^1.1.0",
            "array-unique": "^0.3.2",
            "extend-shallow": "^2.0.1",
            "fill-range": "^4.0.0",
            "isobject": "^3.0.1",
            "repeat-element": "^1.1.2",
            "snapdragon": "^0.8.1",
            "snapdragon-node": "^2.0.1",
            "split-string": "^3.0.2",
            "to-regex": "^3.0.1"
          },
          "dependencies": {
            "extend-shallow": {
              "version": "2.0.1",
              "bundled": true,
              "requires": {
                "is-extendable": "^0.1.0"
              }
            }
          }
        },
        "cache-base": {
          "version": "1.0.1",
          "bundled": true,
          "requires": {
            "collection-visit": "^1.0.0",
            "component-emitter": "^1.2.1",
            "get-value": "^2.0.6",
            "has-value": "^1.0.0",
            "isobject": "^3.0.1",
            "set-value": "^2.0.0",
            "to-object-path": "^0.3.0",
            "union-value": "^1.0.0",
            "unset-value": "^1.0.0"
          }
        },
        "camelcase": {
          "version": "5.0.0",
          "bundled": true
        },
        "chalk": {
          "version": "2.4.1",
          "bundled": true,
          "requires": {
            "ansi-styles": "^3.2.1",
            "escape-string-regexp": "^1.0.5",
            "supports-color": "^5.3.0"
          }
        },
        "ci-info": {
          "version": "1.1.3",
          "bundled": true
        },
        "class-utils": {
          "version": "0.3.6",
          "bundled": true,
          "requires": {
            "arr-union": "^3.1.0",
            "define-property": "^0.2.5",
            "isobject": "^3.0.0",
            "static-extend": "^0.1.1"
          },
          "dependencies": {
            "define-property": {
              "version": "0.2.5",
              "bundled": true,
              "requires": {
                "is-descriptor": "^0.1.0"
              }
            }
          }
        },
        "cli-cursor": {
          "version": "1.0.2",
          "bundled": true,
          "requires": {
            "restore-cursor": "^1.0.1"
          }
        },
        "cli-spinners": {
          "version": "0.1.2",
          "bundled": true
        },
        "cli-truncate": {
          "version": "0.2.1",
          "bundled": true,
          "requires": {
            "slice-ansi": "0.0.4",
            "string-width": "^1.0.1"
          }
        },
        "code-point-at": {
          "version": "1.1.0",
          "bundled": true
        },
        "collection-visit": {
          "version": "1.0.0",
          "bundled": true,
          "requires": {
            "map-visit": "^1.0.0",
            "object-visit": "^1.0.0"
          }
        },
        "color-convert": {
          "version": "1.9.2",
          "bundled": true,
          "requires": {
            "color-name": "1.1.1"
          }
        },
        "color-name": {
          "version": "1.1.1",
          "bundled": true
        },
        "commander": {
          "version": "2.16.0",
          "bundled": true
        },
        "component-emitter": {
          "version": "1.2.1",
          "bundled": true
        },
        "copy-descriptor": {
          "version": "0.1.1",
          "bundled": true
        },
        "cosmiconfig": {
          "version": "5.0.5",
          "bundled": true,
          "requires": {
            "is-directory": "^0.3.1",
            "js-yaml": "^3.9.0",
            "parse-json": "^4.0.0"
          }
        },
        "cross-spawn": {
          "version": "5.1.0",
          "bundled": true,
          "requires": {
            "lru-cache": "^4.0.1",
            "shebang-command": "^1.2.0",
            "which": "^1.2.9"
          }
        },
        "dashify": {
          "version": "1.0.0",
          "bundled": true
        },
        "date-fns": {
          "version": "1.29.0",
          "bundled": true
        },
        "debug": {
          "version": "3.1.0",
          "bundled": true,
          "requires": {
            "ms": "2.0.0"
          }
        },
        "decode-uri-component": {
          "version": "0.2.0",
          "bundled": true
        },
        "dedent": {
          "version": "0.7.0",
          "bundled": true
        },
        "define-property": {
          "version": "2.0.2",
          "bundled": true,
          "requires": {
            "is-descriptor": "^1.0.2",
            "isobject": "^3.0.1"
          },
          "dependencies": {
            "is-accessor-descriptor": {
              "version": "1.0.0",
              "bundled": true,
              "requires": {
                "kind-of": "^6.0.0"
              }
            },
            "is-data-descriptor": {
              "version": "1.0.0",
              "bundled": true,
              "requires": {
                "kind-of": "^6.0.0"
              }
            },
            "is-descriptor": {
              "version": "1.0.2",
              "bundled": true,
              "requires": {
                "is-accessor-descriptor": "^1.0.0",
                "is-data-descriptor": "^1.0.0",
                "kind-of": "^6.0.2"
              }
            }
          }
        },
        "elegant-spinner": {
          "version": "1.0.1",
          "bundled": true
        },
        "error-ex": {
          "version": "1.3.2",
          "bundled": true,
          "requires": {
            "is-arrayish": "^0.2.1"
          }
        },
        "escape-string-regexp": {
          "version": "1.0.5",
          "bundled": true
        },
        "esprima": {
          "version": "4.0.1",
          "bundled": true
        },
        "execa": {
          "version": "0.9.0",
          "bundled": true,
          "requires": {
            "cross-spawn": "^5.0.1",
            "get-stream": "^3.0.0",
            "is-stream": "^1.1.0",
            "npm-run-path": "^2.0.0",
            "p-finally": "^1.0.0",
            "signal-exit": "^3.0.0",
            "strip-eof": "^1.0.0"
          }
        },
        "exit-hook": {
          "version": "1.1.1",
          "bundled": true
        },
        "expand-brackets": {
          "version": "2.1.4",
          "bundled": true,
          "requires": {
            "debug": "^2.3.3",
            "define-property": "^0.2.5",
            "extend-shallow": "^2.0.1",
            "posix-character-classes": "^0.1.0",
            "regex-not": "^1.0.0",
            "snapdragon": "^0.8.1",
            "to-regex": "^3.0.1"
          },
          "dependencies": {
            "debug": {
              "version": "2.6.9",
              "bundled": true,
              "requires": {
                "ms": "2.0.0"
              }
            },
            "define-property": {
              "version": "0.2.5",
              "bundled": true,
              "requires": {
                "is-descriptor": "^0.1.0"
              }
            },
            "extend-shallow": {
              "version": "2.0.1",
              "bundled": true,
              "requires": {
                "is-extendable": "^0.1.0"
              }
            }
          }
        },
        "extend-shallow": {
          "version": "3.0.2",
          "bundled": true,
          "requires": {
            "assign-symbols": "^1.0.0",
            "is-extendable": "^1.0.1"
          },
          "dependencies": {
            "is-extendable": {
              "version": "1.0.1",
              "bundled": true,
              "requires": {
                "is-plain-object": "^2.0.4"
              }
            }
          }
        },
        "extglob": {
          "version": "2.0.4",
          "bundled": true,
          "requires": {
            "array-unique": "^0.3.2",
            "define-property": "^1.0.0",
            "expand-brackets": "^2.1.4",
            "extend-shallow": "^2.0.1",
            "fragment-cache": "^0.2.1",
            "regex-not": "^1.0.0",
            "snapdragon": "^0.8.1",
            "to-regex": "^3.0.1"
          },
          "dependencies": {
            "define-property": {
              "version": "1.0.0",
              "bundled": true,
              "requires": {
                "is-descriptor": "^1.0.0"
              }
            },
            "extend-shallow": {
              "version": "2.0.1",
              "bundled": true,
              "requires": {
                "is-extendable": "^0.1.0"
              }
            },
            "is-accessor-descriptor": {
              "version": "1.0.0",
              "bundled": true,
              "requires": {
                "kind-of": "^6.0.0"
              }
            },
            "is-data-descriptor": {
              "version": "1.0.0",
              "bundled": true,
              "requires": {
                "kind-of": "^6.0.0"
              }
            },
            "is-descriptor": {
              "version": "1.0.2",
              "bundled": true,
              "requires": {
                "is-accessor-descriptor": "^1.0.0",
                "is-data-descriptor": "^1.0.0",
                "kind-of": "^6.0.2"
              }
            }
          }
        },
        "figures": {
          "version": "1.7.0",
          "bundled": true,
          "requires": {
            "escape-string-regexp": "^1.0.5",
            "object-assign": "^4.1.0"
          }
        },
        "fill-range": {
          "version": "4.0.0",
          "bundled": true,
          "requires": {
            "extend-shallow": "^2.0.1",
            "is-number": "^3.0.0",
            "repeat-string": "^1.6.1",
            "to-regex-range": "^2.1.0"
          },
          "dependencies": {
            "extend-shallow": {
              "version": "2.0.1",
              "bundled": true,
              "requires": {
                "is-extendable": "^0.1.0"
              }
            }
          }
        },
        "find-parent-dir": {
          "version": "0.3.0",
          "bundled": true
        },
        "follow-redirects": {
          "version": "1.5.1",
          "bundled": true,
          "requires": {
            "debug": "^3.1.0"
          }
        },
        "for-in": {
          "version": "1.0.2",
          "bundled": true
        },
        "fragment-cache": {
          "version": "0.2.1",
          "bundled": true,
          "requires": {
            "map-cache": "^0.2.2"
          }
        },
        "get-own-enumerable-property-symbols": {
          "version": "2.0.1",
          "bundled": true
        },
        "get-stream": {
          "version": "3.0.0",
          "bundled": true
        },
        "get-value": {
          "version": "2.0.6",
          "bundled": true
        },
        "has-ansi": {
          "version": "2.0.0",
          "bundled": true,
          "requires": {
            "ansi-regex": "^2.0.0"
          },
          "dependencies": {
            "ansi-regex": {
              "version": "2.1.1",
              "bundled": true
            }
          }
        },
        "has-flag": {
          "version": "3.0.0",
          "bundled": true
        },
        "has-value": {
          "version": "1.0.0",
          "bundled": true,
          "requires": {
            "get-value": "^2.0.6",
            "has-values": "^1.0.0",
            "isobject": "^3.0.0"
          }
        },
        "has-values": {
          "version": "1.0.0",
          "bundled": true,
          "requires": {
            "is-number": "^3.0.0",
            "kind-of": "^4.0.0"
          },
          "dependencies": {
            "kind-of": {
              "version": "4.0.0",
              "bundled": true,
              "requires": {
                "is-buffer": "^1.1.5"
              }
            }
          }
        },
        "husky": {
          "version": "0.14.3",
          "bundled": true,
          "requires": {
            "is-ci": "^1.0.10",
            "normalize-path": "^1.0.0",
            "strip-indent": "^2.0.0"
          }
        },
        "indent-string": {
          "version": "2.1.0",
          "bundled": true,
          "requires": {
            "repeating": "^2.0.0"
          }
        },
        "inversify": {
          "version": "4.13.0",
          "bundled": true
        },
        "inversify-inject-decorators": {
          "version": "3.1.0",
          "bundled": true
        },
        "is-accessor-descriptor": {
          "version": "0.1.6",
          "bundled": true,
          "requires": {
            "kind-of": "^3.0.2"
          },
          "dependencies": {
            "kind-of": {
              "version": "3.2.2",
              "bundled": true,
              "requires": {
                "is-buffer": "^1.1.5"
              }
            }
          }
        },
        "is-arrayish": {
          "version": "0.2.1",
          "bundled": true
        },
        "is-buffer": {
          "version": "1.1.6",
          "bundled": true
        },
        "is-ci": {
          "version": "1.1.0",
          "bundled": true,
          "requires": {
            "ci-info": "^1.0.0"
          }
        },
        "is-data-descriptor": {
          "version": "0.1.4",
          "bundled": true,
          "requires": {
            "kind-of": "^3.0.2"
          },
          "dependencies": {
            "kind-of": {
              "version": "3.2.2",
              "bundled": true,
              "requires": {
                "is-buffer": "^1.1.5"
              }
            }
          }
        },
        "is-descriptor": {
          "version": "0.1.6",
          "bundled": true,
          "requires": {
            "is-accessor-descriptor": "^0.1.6",
            "is-data-descriptor": "^0.1.4",
            "kind-of": "^5.0.0"
          },
          "dependencies": {
            "kind-of": {
              "version": "5.1.0",
              "bundled": true
            }
          }
        },
        "is-directory": {
          "version": "0.3.1",
          "bundled": true
        },
        "is-extendable": {
          "version": "0.1.1",
          "bundled": true
        },
        "is-extglob": {
          "version": "2.1.1",
          "bundled": true
        },
        "is-finite": {
          "version": "1.0.2",
          "bundled": true,
          "requires": {
            "number-is-nan": "^1.0.0"
          }
        },
        "is-fullwidth-code-point": {
          "version": "1.0.0",
          "bundled": true,
          "requires": {
            "number-is-nan": "^1.0.0"
          }
        },
        "is-glob": {
          "version": "4.0.0",
          "bundled": true,
          "requires": {
            "is-extglob": "^2.1.1"
          }
        },
        "is-number": {
          "version": "3.0.0",
          "bundled": true,
          "requires": {
            "kind-of": "^3.0.2"
          },
          "dependencies": {
            "kind-of": {
              "version": "3.2.2",
              "bundled": true,
              "requires": {
                "is-buffer": "^1.1.5"
              }
            }
          }
        },
        "is-obj": {
          "version": "1.0.1",
          "bundled": true
        },
        "is-observable": {
          "version": "1.1.0",
          "bundled": true,
          "requires": {
            "symbol-observable": "^1.1.0"
          }
        },
        "is-plain-object": {
          "version": "2.0.4",
          "bundled": true,
          "requires": {
            "isobject": "^3.0.1"
          }
        },
        "is-promise": {
          "version": "2.1.0",
          "bundled": true
        },
        "is-regexp": {
          "version": "1.0.0",
          "bundled": true
        },
        "is-stream": {
          "version": "1.1.0",
          "bundled": true
        },
        "is-windows": {
          "version": "1.0.2",
          "bundled": true
        },
        "isarray": {
          "version": "1.0.0",
          "bundled": true
        },
        "isexe": {
          "version": "2.0.0",
          "bundled": true
        },
        "isobject": {
          "version": "3.0.1",
          "bundled": true
        },
        "jest-get-type": {
          "version": "22.4.3",
          "bundled": true
        },
        "jest-validate": {
          "version": "23.4.0",
          "bundled": true,
          "requires": {
            "chalk": "^2.0.1",
            "jest-get-type": "^22.1.0",
            "leven": "^2.1.0",
            "pretty-format": "^23.2.0"
          }
        },
        "js-yaml": {
          "version": "3.12.0",
          "bundled": true,
          "requires": {
            "argparse": "^1.0.7",
            "esprima": "^4.0.0"
          }
        },
        "json-parse-better-errors": {
          "version": "1.0.2",
          "bundled": true
        },
        "kind-of": {
          "version": "6.0.2",
          "bundled": true
        },
        "leven": {
          "version": "2.1.0",
          "bundled": true
        },
        "lint-staged": {
          "version": "7.2.0",
          "bundled": true,
          "requires": {
            "app-root-path": "^2.0.1",
            "chalk": "^2.3.1",
            "commander": "^2.14.1",
            "cosmiconfig": "^5.0.2",
            "debug": "^3.1.0",
            "dedent": "^0.7.0",
            "execa": "^0.9.0",
            "find-parent-dir": "^0.3.0",
            "is-glob": "^4.0.0",
            "is-windows": "^1.0.2",
            "jest-validate": "^23.0.0",
            "listr": "^0.14.1",
            "lodash": "^4.17.5",
            "log-symbols": "^2.2.0",
            "micromatch": "^3.1.8",
            "npm-which": "^3.0.1",
            "p-map": "^1.1.1",
            "path-is-inside": "^1.0.2",
            "pify": "^3.0.0",
            "please-upgrade-node": "^3.0.2",
            "staged-git-files": "1.1.1",
            "string-argv": "^0.0.2",
            "stringify-object": "^3.2.2"
          }
        },
        "listr": {
          "version": "0.14.1",
          "bundled": true,
          "requires": {
            "@samverschueren/stream-to-observable": "^0.3.0",
            "cli-truncate": "^0.2.1",
            "figures": "^1.7.0",
            "indent-string": "^2.1.0",
            "is-observable": "^1.1.0",
            "is-promise": "^2.1.0",
            "is-stream": "^1.1.0",
            "listr-silent-renderer": "^1.1.1",
            "listr-update-renderer": "^0.4.0",
            "listr-verbose-renderer": "^0.4.0",
            "log-symbols": "^1.0.2",
            "log-update": "^1.0.2",
            "ora": "^0.2.3",
            "p-map": "^1.1.1",
            "rxjs": "^6.1.0",
            "strip-ansi": "^3.0.1"
          },
          "dependencies": {
            "ansi-styles": {
              "version": "2.2.1",
              "bundled": true
            },
            "chalk": {
              "version": "1.1.3",
              "bundled": true,
              "requires": {
                "ansi-styles": "^2.2.1",
                "escape-string-regexp": "^1.0.2",
                "has-ansi": "^2.0.0",
                "strip-ansi": "^3.0.0",
                "supports-color": "^2.0.0"
              }
            },
            "log-symbols": {
              "version": "1.0.2",
              "bundled": true,
              "requires": {
                "chalk": "^1.0.0"
              }
            },
            "supports-color": {
              "version": "2.0.0",
              "bundled": true
            }
          }
        },
        "listr-silent-renderer": {
          "version": "1.1.1",
          "bundled": true
        },
        "listr-update-renderer": {
          "version": "0.4.0",
          "bundled": true,
          "requires": {
            "chalk": "^1.1.3",
            "cli-truncate": "^0.2.1",
            "elegant-spinner": "^1.0.1",
            "figures": "^1.7.0",
            "indent-string": "^3.0.0",
            "log-symbols": "^1.0.2",
            "log-update": "^1.0.2",
            "strip-ansi": "^3.0.1"
          },
          "dependencies": {
            "ansi-styles": {
              "version": "2.2.1",
              "bundled": true
            },
            "chalk": {
              "version": "1.1.3",
              "bundled": true,
              "requires": {
                "ansi-styles": "^2.2.1",
                "escape-string-regexp": "^1.0.2",
                "has-ansi": "^2.0.0",
                "strip-ansi": "^3.0.0",
                "supports-color": "^2.0.0"
              }
            },
            "indent-string": {
              "version": "3.2.0",
              "bundled": true
            },
            "log-symbols": {
              "version": "1.0.2",
              "bundled": true,
              "requires": {
                "chalk": "^1.0.0"
              }
            },
            "supports-color": {
              "version": "2.0.0",
              "bundled": true
            }
          }
        },
        "listr-verbose-renderer": {
          "version": "0.4.1",
          "bundled": true,
          "requires": {
            "chalk": "^1.1.3",
            "cli-cursor": "^1.0.2",
            "date-fns": "^1.27.2",
            "figures": "^1.7.0"
          },
          "dependencies": {
            "ansi-styles": {
              "version": "2.2.1",
              "bundled": true
            },
            "chalk": {
              "version": "1.1.3",
              "bundled": true,
              "requires": {
                "ansi-styles": "^2.2.1",
                "escape-string-regexp": "^1.0.2",
                "has-ansi": "^2.0.0",
                "strip-ansi": "^3.0.0",
                "supports-color": "^2.0.0"
              }
            },
            "supports-color": {
              "version": "2.0.0",
              "bundled": true
            }
          }
        },
        "lodash": {
          "version": "4.17.10",
          "bundled": true
        },
        "log-symbols": {
          "version": "2.2.0",
          "bundled": true,
          "requires": {
            "chalk": "^2.0.1"
          }
        },
        "log-update": {
          "version": "1.0.2",
          "bundled": true,
          "requires": {
            "ansi-escapes": "^1.0.0",
            "cli-cursor": "^1.0.2"
          }
        },
        "lru-cache": {
          "version": "4.1.3",
          "bundled": true,
          "requires": {
            "pseudomap": "^1.0.2",
            "yallist": "^2.1.2"
          }
        },
        "map-cache": {
          "version": "0.2.2",
          "bundled": true
        },
        "map-visit": {
          "version": "1.0.0",
          "bundled": true,
          "requires": {
            "object-visit": "^1.0.0"
          }
        },
        "micromatch": {
          "version": "3.1.10",
          "bundled": true,
          "requires": {
            "arr-diff": "^4.0.0",
            "array-unique": "^0.3.2",
            "braces": "^2.3.1",
            "define-property": "^2.0.2",
            "extend-shallow": "^3.0.2",
            "extglob": "^2.0.4",
            "fragment-cache": "^0.2.1",
            "kind-of": "^6.0.2",
            "nanomatch": "^1.2.9",
            "object.pick": "^1.3.0",
            "regex-not": "^1.0.0",
            "snapdragon": "^0.8.1",
            "to-regex": "^3.0.2"
          }
        },
        "mixin-deep": {
          "version": "1.3.1",
          "bundled": true,
          "requires": {
            "for-in": "^1.0.2",
            "is-extendable": "^1.0.1"
          },
          "dependencies": {
            "is-extendable": {
              "version": "1.0.1",
              "bundled": true,
              "requires": {
                "is-plain-object": "^2.0.4"
              }
            }
          }
        },
        "ms": {
          "version": "2.0.0",
          "bundled": true
        },
        "nanomatch": {
          "version": "1.2.13",
          "bundled": true,
          "requires": {
            "arr-diff": "^4.0.0",
            "array-unique": "^0.3.2",
            "define-property": "^2.0.2",
            "extend-shallow": "^3.0.2",
            "fragment-cache": "^0.2.1",
            "is-windows": "^1.0.2",
            "kind-of": "^6.0.2",
            "object.pick": "^1.3.0",
            "regex-not": "^1.0.0",
            "snapdragon": "^0.8.1",
            "to-regex": "^3.0.1"
          }
        },
        "normalize-path": {
          "version": "1.0.0",
          "bundled": true
        },
        "npm-path": {
          "version": "2.0.4",
          "bundled": true,
          "requires": {
            "which": "^1.2.10"
          }
        },
        "npm-run-path": {
          "version": "2.0.2",
          "bundled": true,
          "requires": {
            "path-key": "^2.0.0"
          }
        },
        "npm-which": {
          "version": "3.0.1",
          "bundled": true,
          "requires": {
            "commander": "^2.9.0",
            "npm-path": "^2.0.2",
            "which": "^1.2.10"
          }
        },
        "number-is-nan": {
          "version": "1.0.1",
          "bundled": true
        },
        "object-assign": {
          "version": "4.1.1",
          "bundled": true
        },
        "object-copy": {
          "version": "0.1.0",
          "bundled": true,
          "requires": {
            "copy-descriptor": "^0.1.0",
            "define-property": "^0.2.5",
            "kind-of": "^3.0.3"
          },
          "dependencies": {
            "define-property": {
              "version": "0.2.5",
              "bundled": true,
              "requires": {
                "is-descriptor": "^0.1.0"
              }
            },
            "kind-of": {
              "version": "3.2.2",
              "bundled": true,
              "requires": {
                "is-buffer": "^1.1.5"
              }
            }
          }
        },
        "object-visit": {
          "version": "1.0.1",
          "bundled": true,
          "requires": {
            "isobject": "^3.0.0"
          }
        },
        "object.pick": {
          "version": "1.3.0",
          "bundled": true,
          "requires": {
            "isobject": "^3.0.1"
          }
        },
        "onetime": {
          "version": "1.1.0",
          "bundled": true
        },
        "ora": {
          "version": "0.2.3",
          "bundled": true,
          "requires": {
            "chalk": "^1.1.1",
            "cli-cursor": "^1.0.2",
            "cli-spinners": "^0.1.2",
            "object-assign": "^4.0.1"
          },
          "dependencies": {
            "ansi-styles": {
              "version": "2.2.1",
              "bundled": true
            },
            "chalk": {
              "version": "1.1.3",
              "bundled": true,
              "requires": {
                "ansi-styles": "^2.2.1",
                "escape-string-regexp": "^1.0.2",
                "has-ansi": "^2.0.0",
                "strip-ansi": "^3.0.0",
                "supports-color": "^2.0.0"
              }
            },
            "supports-color": {
              "version": "2.0.0",
              "bundled": true
            }
          }
        },
        "p-finally": {
          "version": "1.0.0",
          "bundled": true
        },
        "p-map": {
          "version": "1.2.0",
          "bundled": true
        },
        "parse-json": {
          "version": "4.0.0",
          "bundled": true,
          "requires": {
            "error-ex": "^1.3.1",
            "json-parse-better-errors": "^1.0.1"
          }
        },
        "pascalcase": {
          "version": "0.1.1",
          "bundled": true
        },
        "path-is-inside": {
          "version": "1.0.2",
          "bundled": true
        },
        "path-key": {
          "version": "2.0.1",
          "bundled": true
        },
        "pify": {
          "version": "3.0.0",
          "bundled": true
        },
        "please-upgrade-node": {
          "version": "3.1.1",
          "bundled": true,
          "requires": {
            "semver-compare": "^1.0.0"
          }
        },
        "posix-character-classes": {
          "version": "0.1.1",
          "bundled": true
        },
        "pretty-format": {
          "version": "23.2.0",
          "bundled": true,
          "requires": {
            "ansi-regex": "^3.0.0",
            "ansi-styles": "^3.2.0"
          }
        },
        "pseudomap": {
          "version": "1.0.2",
          "bundled": true
        },
        "reflect-metadata": {
          "version": "0.1.12",
          "bundled": true
        },
        "regex-not": {
          "version": "1.0.2",
          "bundled": true,
          "requires": {
            "extend-shallow": "^3.0.2",
            "safe-regex": "^1.1.0"
          }
        },
        "repeat-element": {
          "version": "1.1.2",
          "bundled": true
        },
        "repeat-string": {
          "version": "1.6.1",
          "bundled": true
        },
        "repeating": {
          "version": "2.0.1",
          "bundled": true,
          "requires": {
            "is-finite": "^1.0.0"
          }
        },
        "resolve-url": {
          "version": "0.2.1",
          "bundled": true
        },
        "restore-cursor": {
          "version": "1.0.1",
          "bundled": true,
          "requires": {
            "exit-hook": "^1.0.0",
            "onetime": "^1.0.0"
          }
        },
        "ret": {
          "version": "0.1.15",
          "bundled": true
        },
        "rxjs": {
          "version": "6.2.2",
          "bundled": true,
          "requires": {
            "tslib": "^1.9.0"
          }
        },
        "safe-regex": {
          "version": "1.1.0",
          "bundled": true,
          "requires": {
            "ret": "~0.1.10"
          }
        },
        "semver-compare": {
          "version": "1.0.0",
          "bundled": true
        },
        "set-value": {
          "version": "2.0.0",
          "bundled": true,
          "requires": {
            "extend-shallow": "^2.0.1",
            "is-extendable": "^0.1.1",
            "is-plain-object": "^2.0.3",
            "split-string": "^3.0.1"
          },
          "dependencies": {
            "extend-shallow": {
              "version": "2.0.1",
              "bundled": true,
              "requires": {
                "is-extendable": "^0.1.0"
              }
            }
          }
        },
        "shebang-command": {
          "version": "1.2.0",
          "bundled": true,
          "requires": {
            "shebang-regex": "^1.0.0"
          }
        },
        "shebang-regex": {
          "version": "1.0.0",
          "bundled": true
        },
        "signal-exit": {
          "version": "3.0.2",
          "bundled": true
        },
        "slice-ansi": {
          "version": "0.0.4",
          "bundled": true
        },
        "snapdragon": {
          "version": "0.8.2",
          "bundled": true,
          "requires": {
            "base": "^0.11.1",
            "debug": "^2.2.0",
            "define-property": "^0.2.5",
            "extend-shallow": "^2.0.1",
            "map-cache": "^0.2.2",
            "source-map": "^0.5.6",
            "source-map-resolve": "^0.5.0",
            "use": "^3.1.0"
          },
          "dependencies": {
            "debug": {
              "version": "2.6.9",
              "bundled": true,
              "requires": {
                "ms": "2.0.0"
              }
            },
            "define-property": {
              "version": "0.2.5",
              "bundled": true,
              "requires": {
                "is-descriptor": "^0.1.0"
              }
            },
            "extend-shallow": {
              "version": "2.0.1",
              "bundled": true,
              "requires": {
                "is-extendable": "^0.1.0"
              }
            }
          }
        },
        "snapdragon-node": {
          "version": "2.1.1",
          "bundled": true,
          "requires": {
            "define-property": "^1.0.0",
            "isobject": "^3.0.0",
            "snapdragon-util": "^3.0.1"
          },
          "dependencies": {
            "define-property": {
              "version": "1.0.0",
              "bundled": true,
              "requires": {
                "is-descriptor": "^1.0.0"
              }
            },
            "is-accessor-descriptor": {
              "version": "1.0.0",
              "bundled": true,
              "requires": {
                "kind-of": "^6.0.0"
              }
            },
            "is-data-descriptor": {
              "version": "1.0.0",
              "bundled": true,
              "requires": {
                "kind-of": "^6.0.0"
              }
            },
            "is-descriptor": {
              "version": "1.0.2",
              "bundled": true,
              "requires": {
                "is-accessor-descriptor": "^1.0.0",
                "is-data-descriptor": "^1.0.0",
                "kind-of": "^6.0.2"
              }
            }
          }
        },
        "snapdragon-util": {
          "version": "3.0.1",
          "bundled": true,
          "requires": {
            "kind-of": "^3.2.0"
          },
          "dependencies": {
            "kind-of": {
              "version": "3.2.2",
              "bundled": true,
              "requires": {
                "is-buffer": "^1.1.5"
              }
            }
          }
        },
        "source-map": {
          "version": "0.5.7",
          "bundled": true
        },
        "source-map-resolve": {
          "version": "0.5.2",
          "bundled": true,
          "requires": {
            "atob": "^2.1.1",
            "decode-uri-component": "^0.2.0",
            "resolve-url": "^0.2.1",
            "source-map-url": "^0.4.0",
            "urix": "^0.1.0"
          }
        },
        "source-map-url": {
          "version": "0.4.0",
          "bundled": true
        },
        "split-string": {
          "version": "3.1.0",
          "bundled": true,
          "requires": {
            "extend-shallow": "^3.0.0"
          }
        },
        "sprintf-js": {
          "version": "1.0.3",
          "bundled": true
        },
        "staged-git-files": {
          "version": "1.1.1",
          "bundled": true
        },
        "static-extend": {
          "version": "0.1.2",
          "bundled": true,
          "requires": {
            "define-property": "^0.2.5",
            "object-copy": "^0.1.0"
          },
          "dependencies": {
            "define-property": {
              "version": "0.2.5",
              "bundled": true,
              "requires": {
                "is-descriptor": "^0.1.0"
              }
            }
          }
        },
        "string-argv": {
          "version": "0.0.2",
          "bundled": true
        },
        "string-width": {
          "version": "1.0.2",
          "bundled": true,
          "requires": {
            "code-point-at": "^1.0.0",
            "is-fullwidth-code-point": "^1.0.0",
            "strip-ansi": "^3.0.0"
          }
        },
        "stringify-object": {
          "version": "3.2.2",
          "bundled": true,
          "requires": {
            "get-own-enumerable-property-symbols": "^2.0.1",
            "is-obj": "^1.0.1",
            "is-regexp": "^1.0.0"
          }
        },
        "strip-ansi": {
          "version": "3.0.1",
          "bundled": true,
          "requires": {
            "ansi-regex": "^2.0.0"
          },
          "dependencies": {
            "ansi-regex": {
              "version": "2.1.1",
              "bundled": true
            }
          }
        },
        "strip-eof": {
          "version": "1.0.0",
          "bundled": true
        },
        "strip-indent": {
          "version": "2.0.0",
          "bundled": true
        },
        "supports-color": {
          "version": "5.4.0",
          "bundled": true,
          "requires": {
            "has-flag": "^3.0.0"
          }
        },
        "symbol-observable": {
          "version": "1.2.0",
          "bundled": true
        },
        "to-object-path": {
          "version": "0.3.0",
          "bundled": true,
          "requires": {
            "kind-of": "^3.0.2"
          },
          "dependencies": {
            "kind-of": {
              "version": "3.2.2",
              "bundled": true,
              "requires": {
                "is-buffer": "^1.1.5"
              }
            }
          }
        },
        "to-regex": {
          "version": "3.0.2",
          "bundled": true,
          "requires": {
            "define-property": "^2.0.2",
            "extend-shallow": "^3.0.2",
            "regex-not": "^1.0.2",
            "safe-regex": "^1.1.0"
          }
        },
        "to-regex-range": {
          "version": "2.1.1",
          "bundled": true,
          "requires": {
            "is-number": "^3.0.0",
            "repeat-string": "^1.6.1"
          }
        },
        "tslib": {
          "version": "1.9.3",
          "bundled": true
        },
        "typescript": {
          "version": "2.9.2",
          "bundled": true
        },
        "union-value": {
          "version": "1.0.0",
          "bundled": true,
          "requires": {
            "arr-union": "^3.1.0",
            "get-value": "^2.0.6",
            "is-extendable": "^0.1.1",
            "set-value": "^0.4.3"
          },
          "dependencies": {
            "extend-shallow": {
              "version": "2.0.1",
              "bundled": true,
              "requires": {
                "is-extendable": "^0.1.0"
              }
            },
            "set-value": {
              "version": "0.4.3",
              "bundled": true,
              "requires": {
                "extend-shallow": "^2.0.1",
                "is-extendable": "^0.1.1",
                "is-plain-object": "^2.0.1",
                "to-object-path": "^0.3.0"
              }
            }
          }
        },
        "unset-value": {
          "version": "1.0.0",
          "bundled": true,
          "requires": {
            "has-value": "^0.3.1",
            "isobject": "^3.0.0"
          },
          "dependencies": {
            "has-value": {
              "version": "0.3.1",
              "bundled": true,
              "requires": {
                "get-value": "^2.0.3",
                "has-values": "^0.1.4",
                "isobject": "^2.0.0"
              },
              "dependencies": {
                "isobject": {
                  "version": "2.1.0",
                  "bundled": true,
                  "requires": {
                    "isarray": "1.0.0"
                  }
                }
              }
            },
            "has-values": {
              "version": "0.1.4",
              "bundled": true
            }
          }
        },
        "urix": {
          "version": "0.1.0",
          "bundled": true
        },
        "use": {
          "version": "3.1.1",
          "bundled": true
        },
        "validator": {
          "version": "10.4.0",
          "bundled": true
        },
        "which": {
          "version": "1.3.1",
          "bundled": true,
          "requires": {
            "isexe": "^2.0.0"
          }
        },
        "yallist": {
          "version": "2.1.2",
          "bundled": true
        }
      }
    },
    "vue": {
      "version": "2.5.16",
      "resolved": "https://registry.npmjs.org/vue/-/vue-2.5.16.tgz",
      "integrity": "sha512-/ffmsiVuPC8PsWcFkZngdpas19ABm5mh2wA7iDqcltyCTwlgZjHGeJYOXkBMo422iPwIcviOtrTCUpSfXmToLQ=="
    },
    "vue-router": {
      "version": "3.0.1",
      "resolved": "https://registry.npmjs.org/vue-router/-/vue-router-3.0.1.tgz",
      "integrity": "sha512-vLLoY452L+JBpALMP5UHum9+7nzR9PeIBCghU9ZtJ1eWm6ieUI8Zb/DI3MYxH32bxkjzYV1LRjNv4qr8d+uX/w=="
    },
    "vuex": {
      "version": "3.0.1",
      "resolved": "https://registry.npmjs.org/vuex/-/vuex-3.0.1.tgz",
      "integrity": "sha512-wLoqz0B7DSZtgbWL1ShIBBCjv22GV5U+vcBFox658g6V0s4wZV9P4YjCNyoHSyIBpj1f29JBoNQIqD82cR4O3w=="
    }
  }
}
